
Microsoft Visual Studio Solution File, Format Version 12.00
# Visual Studio Version 17
VisualStudioVersion = 17.1.32421.90
MinimumVisualStudioVersion = 10.0.40219.1
Project("{9A19103F-16F7-4668-BE54-9A1E7A4F7556}") = "CustomIEnumerable", "CustomIEnumerable\CustomIEnumerable.csproj", "{10DAFA0B-26BE-4D67-B74B-D613905D678F}"
EndProject
Project("{9A19103F-16F7-4668-BE54-9A1E7A4F7556}") = "CustomICollection", "CustomICollection\CustomICollection.csproj", "{5C007ABD-9337-4B22-B69B-264DD62C6616}"
EndProject
Project("{9A19103F-16F7-4668-BE54-9A1E7A4F7556}") = "AdoDotNet", "ADO DOT NET\AdoDotNet.csproj", "{AB32899D-9C8D-488E-BFB7-D44F70741879}"
EndProject
Project("{9A19103F-16F7-4668-BE54-9A1E7A4F7556}") = "FileOperations", "FileOperations\FileOperations.csproj", "{7C6CED1F-340B-4649-A570-FB7186437C6F}"
EndProject
Project("{9A19103F-16F7-4668-BE54-9A1E7A4F7556}") = "EFCore", "EFCore\EFCore.csproj", "{73C8F85C-B053-4CC8-BB39-6B1320BF18E2}"
EndProject
Project("{FAE04EC0-301F-11D3-BF4B-00C04F79EFBC}") = "ReverseContentChallenge", "ReverseContentChallenge\ReverseContentChallenge.csproj", "{E2057108-7487-411D-AA8C-9829433F1183}"
EndProject
Global
	GlobalSection(SolutionConfigurationPlatforms) = preSolution
		Debug|Any CPU = Debug|Any CPU
		Release|Any CPU = Release|Any CPU
	EndGlobalSection
	GlobalSection(ProjectConfigurationPlatforms) = postSolution
		{10DAFA0B-26BE-4D67-B74B-D613905D678F}.Debug|Any CPU.ActiveCfg = Debug|Any CPU
		{10DAFA0B-26BE-4D67-B74B-D613905D678F}.Debug|Any CPU.Build.0 = Debug|Any CPU
		{10DAFA0B-26BE-4D67-B74B-D613905D678F}.Release|Any CPU.ActiveCfg = Release|Any CPU
		{10DAFA0B-26BE-4D67-B74B-D613905D678F}.Release|Any CPU.Build.0 = Release|Any CPU
		{5C007ABD-9337-4B22-B69B-264DD62C6616}.Debug|Any CPU.ActiveCfg = Debug|Any CPU
		{5C007ABD-9337-4B22-B69B-264DD62C6616}.Debug|Any CPU.Build.0 = Debug|Any CPU
		{5C007ABD-9337-4B22-B69B-264DD62C6616}.Release|Any CPU.ActiveCfg = Release|Any CPU
		{5C007ABD-9337-4B22-B69B-264DD62C6616}.Release|Any CPU.Build.0 = Release|Any CPU
		{AB32899D-9C8D-488E-BFB7-D44F70741879}.Debug|Any CPU.ActiveCfg = Debug|Any CPU
		{AB32899D-9C8D-488E-BFB7-D44F70741879}.Debug|Any CPU.Build.0 = Debug|Any CPU
		{AB32899D-9C8D-488E-BFB7-D44F70741879}.Release|Any CPU.ActiveCfg = Release|Any CPU
		{AB32899D-9C8D-488E-BFB7-D44F70741879}.Release|Any CPU.Build.0 = Release|Any CPU
		{7C6CED1F-340B-4649-A570-FB7186437C6F}.Debug|Any CPU.ActiveCfg = Debug|Any CPU
		{7C6CED1F-340B-4649-A570-FB7186437C6F}.Debug|Any CPU.Build.0 = Debug|Any CPU
		{7C6CED1F-340B-4649-A570-FB7186437C6F}.Release|Any CPU.ActiveCfg = Release|Any CPU
		{7C6CED1F-340B-4649-A570-FB7186437C6F}.Release|Any CPU.Build.0 = Release|Any CPU
		{73C8F85C-B053-4CC8-BB39-6B1320BF18E2}.Debug|Any CPU.ActiveCfg = Debug|Any CPU
		{73C8F85C-B053-4CC8-BB39-6B1320BF18E2}.Debug|Any CPU.Build.0 = Debug|Any CPU
		{73C8F85C-B053-4CC8-BB39-6B1320BF18E2}.Release|Any CPU.ActiveCfg = Release|Any CPU
		{73C8F85C-B053-4CC8-BB39-6B1320BF18E2}.Release|Any CPU.Build.0 = Release|Any CPU
		{E2057108-7487-411D-AA8C-9829433F1183}.Debug|Any CPU.ActiveCfg = Debug|Any CPU
		{E2057108-7487-411D-AA8C-9829433F1183}.Debug|Any CPU.Build.0 = Debug|Any CPU
		{E2057108-7487-411D-AA8C-9829433F1183}.Release|Any CPU.ActiveCfg = Release|Any CPU
		{E2057108-7487-411D-AA8C-9829433F1183}.Release|Any CPU.Build.0 = Release|Any CPU
	EndGlobalSection
	GlobalSection(SolutionProperties) = preSolution
		HideSolutionNode = FALSE
	EndGlobalSection
	GlobalSection(ExtensibilityGlobals) = postSolution
		SolutionGuid = {C234202D-2F72-4092-92CB-ABE11EBA1252}
	EndGlobalSection
EndGlobal
